# This file is automatically @generated by Cargo.
# It is not intended for manual editing.
version = 3

[[package]]
name = "_01_1"
version = "0.1.0"

[[package]]
name = "_01_2"
version = "0.1.0"

[[package]]
name = "_02_1"
version = "0.1.0"

[[package]]
name = "_02_2"
version = "0.1.0"

[[package]]
name = "_03_1"
version = "0.1.0"

[[package]]
name = "_03_2"
version = "0.1.0"

[[package]]
name = "_04_1"
version = "0.1.0"

[[package]]
name = "_04_2"
version = "0.1.0"

[[package]]
name = "_05_1"
version = "0.1.0"

[[package]]
name = "_05_2"
version = "0.1.0"

[[package]]
name = "_06_1"
version = "0.1.0"

[[package]]
name = "_06_2"
version = "0.1.0"

[[package]]
name = "_07_1"
version = "0.1.0"

[[package]]
name = "_07_2"
version = "0.1.0"

[[package]]
name = "_08_1"
version = "0.1.0"

[[package]]
name = "_08_2"
version = "0.1.0"

[[package]]
name = "_09_1"
version = "0.1.0"

[[package]]
name = "_09_2"
version = "0.1.0"

[[package]]
name = "_10_1"
version = "0.1.0"

[[package]]
name = "_10_2"
version = "0.1.0"

[[package]]
name = "_11_1"
version = "0.1.0"

[[package]]
name = "_11_2"
version = "0.1.0"

[[package]]
name = "_12_1"
version = "0.1.0"

[[package]]
name = "_12_2"
version = "0.1.0"

[[package]]
name = "_13_1"
version = "0.1.0"

[[package]]
name = "_13_2"
version = "0.1.0"

[[package]]
name = "_14_1"
version = "0.1.0"

[[package]]
name = "_14_2"
version = "0.1.0"

[[package]]
name = "_15_1"
version = "0.1.0"

[[package]]
name = "_15_2"
version = "0.1.0"

[[package]]
name = "_16_1"
version = "0.1.0"

[[package]]
name = "_16_2"
version = "0.1.0"

[[package]]
name = "_17_1"
version = "0.1.0"

[[package]]
name = "_17_2"
version = "0.1.0"

[[package]]
name = "_18_1"
version = "0.1.0"

[[package]]
name = "_18_2"
version = "0.1.0"

[[package]]
name = "_19_1"
version = "0.1.0"

[[package]]
name = "_19_2"
version = "0.1.0"

[[package]]
name = "_20_1"
version = "0.1.0"

[[package]]
name = "_20_2"
version = "0.1.0"

[[package]]
name = "_21_1"
version = "0.1.0"

[[package]]
name = "_21_2"
version = "0.1.0"

[[package]]
name = "_22_1"
version = "0.1.0"

[[package]]
name = "_22_2"
version = "0.1.0"

[[package]]
name = "_23_1"
version = "0.1.0"

[[package]]
name = "_23_2"
version = "0.1.0"

[[package]]
name = "_24_1"
version = "0.1.0"

[[package]]
name = "_24_2"
version = "0.1.0"

[[package]]
name = "_25_1"
version = "0.1.0"

[[package]]
name = "_25_2"
version = "0.1.0"
