# This file is automatically @generated by Cargo.
# It is not intended for manual editing.
version = 3

[[package]]
name = "_01"
version = "0.1.0"

[[package]]
name = "_02"
version = "0.1.0"

[[package]]
name = "_03"
version = "0.1.0"

[[package]]
name = "_04"
version = "0.1.0"

[[package]]
name = "_05"
version = "0.1.0"

[[package]]
name = "_06"
version = "0.1.0"

[[package]]
name = "_07"
version = "0.1.0"

[[package]]
name = "_08"
version = "0.1.0"

[[package]]
name = "_09"
version = "0.1.0"

[[package]]
name = "_10"
version = "0.1.0"

[[package]]
name = "_11"
version = "0.1.0"

[[package]]
name = "_12"
version = "0.1.0"

[[package]]
name = "_13"
version = "0.1.0"

[[package]]
name = "_14"
version = "0.1.0"

[[package]]
name = "_15"
version = "0.1.0"

[[package]]
name = "_16"
version = "0.1.0"

[[package]]
name = "_17"
version = "0.1.0"

[[package]]
name = "_18"
version = "0.1.0"

[[package]]
name = "_19"
version = "0.1.0"

[[package]]
name = "_20"
version = "0.1.0"

[[package]]
name = "_21"
version = "0.1.0"

[[package]]
name = "_22"
version = "0.1.0"

[[package]]
name = "_23"
version = "0.1.0"

[[package]]
name = "_24"
version = "0.1.0"

[[package]]
name = "_25"
version = "0.1.0"
